
Microsoft Visual Studio Solution File, Format Version 12.00
# Visual Studio Version 18
VisualStudioVersion = 18.3.11312.210
MinimumVisualStudioVersion = 10.0.40219.1
Project("{2150E333-8FDC-42A3-9474-1A3956D46DE8}") = "src", "src", "{827E0CD3-B72D-47B6-A68D-7590B98EB39B}"
EndProject
Project("{FAE04EC0-301F-11D3-BF4B-00C04F79EFBC}") = "Draughts.Api", "src\Draughts.Api\Draughts.Api.csproj", "{1BCA2B34-1949-46F4-8A90-AB469C156711}"
EndProject
Project("{FAE04EC0-301F-11D3-BF4B-00C04F79EFBC}") = "Draughts.Domain", "src\Draughts.Domain\Draughts.Domain.csproj", "{04BD5046-7A3A-47CC-9F0C-7BAD384E394D}"
EndProject
Project("{2150E333-8FDC-42A3-9474-1A3956D46DE8}") = "tests", "tests", "{0AB3BF05-4346-4AA6-1389-037BE0695223}"
EndProject
Project("{FAE04EC0-301F-11D3-BF4B-00C04F79EFBC}") = "Draughts.Domain.Tests", "tests\Draughts.Domain.Tests\Draughts.Domain.Tests.csproj", "{BBEA18B2-39DF-4486-8E8A-965FC37FAD0F}"
EndProject
Project("{FAE04EC0-301F-11D3-BF4B-00C04F79EFBC}") = "Draughts.Web", "src\Draughts.Web\Draughts.Web.csproj", "{C2051AC0-2E3E-488F-86CC-F0850F93C891}"
EndProject
Global
	GlobalSection(SolutionConfigurationPlatforms) = preSolution
		Debug|Any CPU = Debug|Any CPU
		Debug|x64 = Debug|x64
		Debug|x86 = Debug|x86
		Release|Any CPU = Release|Any CPU
		Release|x64 = Release|x64
		Release|x86 = Release|x86
	EndGlobalSection
	GlobalSection(ProjectConfigurationPlatforms) = postSolution
		{1BCA2B34-1949-46F4-8A90-AB469C156711}.Debug|Any CPU.ActiveCfg = Debug|Any CPU
		{1BCA2B34-1949-46F4-8A90-AB469C156711}.Debug|Any CPU.Build.0 = Debug|Any CPU
		{1BCA2B34-1949-46F4-8A90-AB469C156711}.Debug|x64.ActiveCfg = Debug|Any CPU
		{1BCA2B34-1949-46F4-8A90-AB469C156711}.Debug|x64.Build.0 = Debug|Any CPU
		{1BCA2B34-1949-46F4-8A90-AB469C156711}.Debug|x86.ActiveCfg = Debug|Any CPU
		{1BCA2B34-1949-46F4-8A90-AB469C156711}.Debug|x86.Build.0 = Debug|Any CPU
		{1BCA2B34-1949-46F4-8A90-AB469C156711}.Release|Any CPU.ActiveCfg = Release|Any CPU
		{1BCA2B34-1949-46F4-8A90-AB469C156711}.Release|Any CPU.Build.0 = Release|Any CPU
		{1BCA2B34-1949-46F4-8A90-AB469C156711}.Release|x64.ActiveCfg = Release|Any CPU
		{1BCA2B34-1949-46F4-8A90-AB469C156711}.Release|x64.Build.0 = Release|Any CPU
		{1BCA2B34-1949-46F4-8A90-AB469C156711}.Release|x86.ActiveCfg = Release|Any CPU
		{1BCA2B34-1949-46F4-8A90-AB469C156711}.Release|x86.Build.0 = Release|Any CPU
		{04BD5046-7A3A-47CC-9F0C-7BAD384E394D}.Debug|Any CPU.ActiveCfg = Debug|Any CPU
		{04BD5046-7A3A-47CC-9F0C-7BAD384E394D}.Debug|Any CPU.Build.0 = Debug|Any CPU
		{04BD5046-7A3A-47CC-9F0C-7BAD384E394D}.Debug|x64.ActiveCfg = Debug|Any CPU
		{04BD5046-7A3A-47CC-9F0C-7BAD384E394D}.Debug|x64.Build.0 = Debug|Any CPU
		{04BD5046-7A3A-47CC-9F0C-7BAD384E394D}.Debug|x86.ActiveCfg = Debug|Any CPU
		{04BD5046-7A3A-47CC-9F0C-7BAD384E394D}.Debug|x86.Build.0 = Debug|Any CPU
		{04BD5046-7A3A-47CC-9F0C-7BAD384E394D}.Release|Any CPU.ActiveCfg = Release|Any CPU
		{04BD5046-7A3A-47CC-9F0C-7BAD384E394D}.Release|Any CPU.Build.0 = Release|Any CPU
		{04BD5046-7A3A-47CC-9F0C-7BAD384E394D}.Release|x64.ActiveCfg = Release|Any CPU
		{04BD5046-7A3A-47CC-9F0C-7BAD384E394D}.Release|x64.Build.0 = Release|Any CPU
		{04BD5046-7A3A-47CC-9F0C-7BAD384E394D}.Release|x86.ActiveCfg = Release|Any CPU
		{04BD5046-7A3A-47CC-9F0C-7BAD384E394D}.Release|x86.Build.0 = Release|Any CPU
		{BBEA18B2-39DF-4486-8E8A-965FC37FAD0F}.Debug|Any CPU.ActiveCfg = Debug|Any CPU
		{BBEA18B2-39DF-4486-8E8A-965FC37FAD0F}.Debug|Any CPU.Build.0 = Debug|Any CPU
		{BBEA18B2-39DF-4486-8E8A-965FC37FAD0F}.Debug|x64.ActiveCfg = Debug|Any CPU
		{BBEA18B2-39DF-4486-8E8A-965FC37FAD0F}.Debug|x64.Build.0 = Debug|Any CPU
		{BBEA18B2-39DF-4486-8E8A-965FC37FAD0F}.Debug|x86.ActiveCfg = Debug|Any CPU
		{BBEA18B2-39DF-4486-8E8A-965FC37FAD0F}.Debug|x86.Build.0 = Debug|Any CPU
		{BBEA18B2-39DF-4486-8E8A-965FC37FAD0F}.Release|Any CPU.ActiveCfg = Release|Any CPU
		{BBEA18B2-39DF-4486-8E8A-965FC37FAD0F}.Release|Any CPU.Build.0 = Release|Any CPU
		{BBEA18B2-39DF-4486-8E8A-965FC37FAD0F}.Release|x64.ActiveCfg = Release|Any CPU
		{BBEA18B2-39DF-4486-8E8A-965FC37FAD0F}.Release|x64.Build.0 = Release|Any CPU
		{BBEA18B2-39DF-4486-8E8A-965FC37FAD0F}.Release|x86.ActiveCfg = Release|Any CPU
		{BBEA18B2-39DF-4486-8E8A-965FC37FAD0F}.Release|x86.Build.0 = Release|Any CPU
		{C2051AC0-2E3E-488F-86CC-F0850F93C891}.Debug|Any CPU.ActiveCfg = Debug|Any CPU
		{C2051AC0-2E3E-488F-86CC-F0850F93C891}.Debug|Any CPU.Build.0 = Debug|Any CPU
		{C2051AC0-2E3E-488F-86CC-F0850F93C891}.Debug|x64.ActiveCfg = Debug|Any CPU
		{C2051AC0-2E3E-488F-86CC-F0850F93C891}.Debug|x64.Build.0 = Debug|Any CPU
		{C2051AC0-2E3E-488F-86CC-F0850F93C891}.Debug|x86.ActiveCfg = Debug|Any CPU
		{C2051AC0-2E3E-488F-86CC-F0850F93C891}.Debug|x86.Build.0 = Debug|Any CPU
		{C2051AC0-2E3E-488F-86CC-F0850F93C891}.Release|Any CPU.ActiveCfg = Release|Any CPU
		{C2051AC0-2E3E-488F-86CC-F0850F93C891}.Release|Any CPU.Build.0 = Release|Any CPU
		{C2051AC0-2E3E-488F-86CC-F0850F93C891}.Release|x64.ActiveCfg = Release|Any CPU
		{C2051AC0-2E3E-488F-86CC-F0850F93C891}.Release|x64.Build.0 = Release|Any CPU
		{C2051AC0-2E3E-488F-86CC-F0850F93C891}.Release|x86.ActiveCfg = Release|Any CPU
		{C2051AC0-2E3E-488F-86CC-F0850F93C891}.Release|x86.Build.0 = Release|Any CPU
	EndGlobalSection
	GlobalSection(SolutionProperties) = preSolution
		HideSolutionNode = FALSE
	EndGlobalSection
	GlobalSection(NestedProjects) = preSolution
		{1BCA2B34-1949-46F4-8A90-AB469C156711} = {827E0CD3-B72D-47B6-A68D-7590B98EB39B}
		{04BD5046-7A3A-47CC-9F0C-7BAD384E394D} = {827E0CD3-B72D-47B6-A68D-7590B98EB39B}
		{BBEA18B2-39DF-4486-8E8A-965FC37FAD0F} = {0AB3BF05-4346-4AA6-1389-037BE0695223}
		{C2051AC0-2E3E-488F-86CC-F0850F93C891} = {827E0CD3-B72D-47B6-A68D-7590B98EB39B}
	EndGlobalSection
	GlobalSection(ExtensibilityGlobals) = postSolution
		SolutionGuid = {43AF8130-2EC7-4A46-9125-689AE9DF09C4}
	EndGlobalSection
EndGlobal
